# THIS IS AN AUTOGENERATED FILE. DO NOT EDIT THIS FILE DIRECTLY.
# yarn lockfile v1


bluebird@^3.4.7:
  version "3.4.7"
  resolved "https://registry.yarnpkg.com/bluebird/-/bluebird-3.4.7.tgz#f72d760be09b7f76d08ed8fae98b289a8d05fab3"

clear@^0.0.1:
  version "0.0.1"
  resolved "https://registry.yarnpkg.com/clear/-/clear-0.0.1.tgz#e5186e229d99448179c130311b6f9d30bff6b0ba"

nyan-progress@^1.0.1:
  version "1.0.1"
  resolved "https://registry.yarnpkg.com/nyan-progress/-/nyan-progress-1.0.1.tgz#ea54ed7a527973968d1db159e6531e7521bb5446"
